
Microsoft Visual Studio Solution File, Format Version 12.00
# Visual Studio Version 17
VisualStudioVersion = 17.12.35527.113 d17.12
MinimumVisualStudioVersion = 10.0.40219.1
Project("{FAE04EC0-301F-11D3-BF4B-00C04F79EFBC}") = "API_CountryPlayers", "API_CountryPlayers\API_CountryPlayers.csproj", "{2ADAB1DB-48A3-4B6A-A3B8-7BAA04E50097}"
EndProject
Global
	GlobalSection(SolutionConfigurationPlatforms) = preSolution
		Debug|Any CPU = Debug|Any CPU
		Release|Any CPU = Release|Any CPU
	EndGlobalSection
	GlobalSection(ProjectConfigurationPlatforms) = postSolution
		{2ADAB1DB-48A3-4B6A-A3B8-7BAA04E50097}.Debug|Any CPU.ActiveCfg = Debug|Any CPU
		{2ADAB1DB-48A3-4B6A-A3B8-7BAA04E50097}.Debug|Any CPU.Build.0 = Debug|Any CPU
		{2ADAB1DB-48A3-4B6A-A3B8-7BAA04E50097}.Release|Any CPU.ActiveCfg = Release|Any CPU
		{2ADAB1DB-48A3-4B6A-A3B8-7BAA04E50097}.Release|Any CPU.Build.0 = Release|Any CPU
	EndGlobalSection
	GlobalSection(SolutionProperties) = preSolution
		HideSolutionNode = FALSE
	EndGlobalSection
EndGlobal
